
Microsoft Visual Studio Solution File, Format Version 12.00
# Visual Studio Version 17
VisualStudioVersion = 17.13.35806.99 d17.13
MinimumVisualStudioVersion = 10.0.40219.1
Project("{FAE04EC0-301F-11D3-BF4B-00C04F79EFBC}") = "Portfolio", "Portfolio\Portfolio.csproj", "{1BF3DA4A-B36B-4E54-9713-AACF0AAA2DFF}"
EndProject
Global
	GlobalSection(SolutionConfigurationPlatforms) = preSolution
		Debug|Any CPU = Debug|Any CPU
		Release|Any CPU = Release|Any CPU
	EndGlobalSection
	GlobalSection(ProjectConfigurationPlatforms) = postSolution
		{1BF3DA4A-B36B-4E54-9713-AACF0AAA2DFF}.Debug|Any CPU.ActiveCfg = Debug|Any CPU
		{1BF3DA4A-B36B-4E54-9713-AACF0AAA2DFF}.Debug|Any CPU.Build.0 = Debug|Any CPU
		{1BF3DA4A-B36B-4E54-9713-AACF0AAA2DFF}.Release|Any CPU.ActiveCfg = Release|Any CPU
		{1BF3DA4A-B36B-4E54-9713-AACF0AAA2DFF}.Release|Any CPU.Build.0 = Release|Any CPU
	EndGlobalSection
	GlobalSection(SolutionProperties) = preSolution
		HideSolutionNode = FALSE
	EndGlobalSection
	GlobalSection(ExtensibilityGlobals) = postSolution
		SolutionGuid = {386F001C-69F7-4288-A5EC-F086A4CAC55C}
	EndGlobalSection
EndGlobal
